
Microsoft Visual Studio Solution File, Format Version 12.00
# Visual Studio Version 16
VisualStudioVersion = 16.0.30517.126
MinimumVisualStudioVersion = 10.0.40219.1
Project("{9A19103F-16F7-4668-BE54-9A1E7A4F7556}") = "PuppetMaster", "PuppetMaster\PuppetMaster.csproj", "{1F49AC43-1AE8-48A8-8BD9-024C3A5BB1EE}"
EndProject
Project("{9A19103F-16F7-4668-BE54-9A1E7A4F7556}") = "Common", "Common\Common.csproj", "{EB8A6937-B7C8-4922-970D-C08C4901A337}"
EndProject
Project("{FAE04EC0-301F-11D3-BF4B-00C04F79EFBC}") = "KVStoreServer", "KVStoreServer\KVStoreServer.csproj", "{21253C0B-1B99-447D-9437-F76CA6160BDA}"
EndProject
Global
	GlobalSection(SolutionConfigurationPlatforms) = preSolution
		Debug|Any CPU = Debug|Any CPU
		Release|Any CPU = Release|Any CPU
	EndGlobalSection
	GlobalSection(ProjectConfigurationPlatforms) = postSolution
		{1F49AC43-1AE8-48A8-8BD9-024C3A5BB1EE}.Debug|Any CPU.ActiveCfg = Debug|Any CPU
		{1F49AC43-1AE8-48A8-8BD9-024C3A5BB1EE}.Debug|Any CPU.Build.0 = Debug|Any CPU
		{1F49AC43-1AE8-48A8-8BD9-024C3A5BB1EE}.Release|Any CPU.ActiveCfg = Release|Any CPU
		{1F49AC43-1AE8-48A8-8BD9-024C3A5BB1EE}.Release|Any CPU.Build.0 = Release|Any CPU
		{EB8A6937-B7C8-4922-970D-C08C4901A337}.Debug|Any CPU.ActiveCfg = Debug|Any CPU
		{EB8A6937-B7C8-4922-970D-C08C4901A337}.Debug|Any CPU.Build.0 = Debug|Any CPU
		{EB8A6937-B7C8-4922-970D-C08C4901A337}.Release|Any CPU.ActiveCfg = Release|Any CPU
		{EB8A6937-B7C8-4922-970D-C08C4901A337}.Release|Any CPU.Build.0 = Release|Any CPU
		{21253C0B-1B99-447D-9437-F76CA6160BDA}.Debug|Any CPU.ActiveCfg = Debug|Any CPU
		{21253C0B-1B99-447D-9437-F76CA6160BDA}.Debug|Any CPU.Build.0 = Debug|Any CPU
		{21253C0B-1B99-447D-9437-F76CA6160BDA}.Release|Any CPU.ActiveCfg = Release|Any CPU
		{21253C0B-1B99-447D-9437-F76CA6160BDA}.Release|Any CPU.Build.0 = Release|Any CPU
	EndGlobalSection
	GlobalSection(SolutionProperties) = preSolution
		HideSolutionNode = FALSE
	EndGlobalSection
	GlobalSection(ExtensibilityGlobals) = postSolution
		SolutionGuid = {8440D9BB-6D36-4C15-9DF9-09ACAFC6E223}
	EndGlobalSection
EndGlobal
